<Solution>
  <Project Path="RabbitMQ.Fanout.Exchange.Consumer/RabbitMQ.Fanout.Exchange.Consumer.csproj" Id="c2a96ffe-2a7b-4ed6-854f-fd48ad022f19" />
  <Project Path="RabbitMQ.Fanout.Exchange.Publisher/RabbitMQ.Fanout.Exchange.Publisher.csproj" Id="d45dcd75-1e5c-4b34-a654-eee5b5be4308" />
</Solution>
